Microsoft Visual Studio Solution File, Format Version 12.00
# Visual Studio Version 17
VisualStudioVersion = 17.13.35825.156
MinimumVisualStudioVersion = 10.0.40219.1
Project("{FAE04EC0-301F-11D3-BF4B-00C04F79EFBC}") = "DartsMathsBlazorGame", "DartsMathsBlazorGame\DartsMathsBlazorGame.csproj", "{848241F6-74E6-4855-B97D-4AA8BD18B969}"
EndProject
Project("{FAE04EC0-301F-11D3-BF4B-00C04F79EFBC}") = "DartsMathsGameEngine", "DartsMathsGameEngine\DartsMathsGameEngine.csproj", "{7D092456-5719-43CF-BBF5-9EF2308018C6}"
EndProject
Project("{FAE04EC0-301F-11D3-BF4B-00C04F79EFBC}") = "DartsMathsGameEngineTests", "DartsMathsGameEngineTests\DartsMathsGameEngineTests.csproj", "{9A0877FB-AB09-47D3-93CB-F6904A96056F}"
EndProject
Project("{FAE04EC0-301F-11D3-BF4B-00C04F79EFBC}") = "DartsMathsConsoleApp", "DartsMathsConsoleApp\DartsMathsConsoleApp.csproj", "{1962CB50-C7C0-46DD-9774-4F71319731FB}"
EndProject
Global
	GlobalSection(SolutionConfigurationPlatforms) = preSolution
		Debug|Any CPU = Debug|Any CPU
		Release|Any CPU = Release|Any CPU
	EndGlobalSection
	GlobalSection(ProjectConfigurationPlatforms) = postSolution
		{848241F6-74E6-4855-B97D-4AA8BD18B969}.Debug|Any CPU.ActiveCfg = Debug|Any CPU
		{848241F6-74E6-4855-B97D-4AA8BD18B969}.Debug|Any CPU.Build.0 = Debug|Any CPU
		{848241F6-74E6-4855-B97D-4AA8BD18B969}.Release|Any CPU.ActiveCfg = Release|Any CPU
		{848241F6-74E6-4855-B97D-4AA8BD18B969}.Release|Any CPU.Build.0 = Release|Any CPU
		{7D092456-5719-43CF-BBF5-9EF2308018C6}.Debug|Any CPU.ActiveCfg = Debug|Any CPU
		{7D092456-5719-43CF-BBF5-9EF2308018C6}.Debug|Any CPU.Build.0 = Debug|Any CPU
		{7D092456-5719-43CF-BBF5-9EF2308018C6}.Release|Any CPU.ActiveCfg = Release|Any CPU
		{7D092456-5719-43CF-BBF5-9EF2308018C6}.Release|Any CPU.Build.0 = Release|Any CPU
		{9A0877FB-AB09-47D3-93CB-F6904A96056F}.Debug|Any CPU.ActiveCfg = Debug|Any CPU
		{9A0877FB-AB09-47D3-93CB-F6904A96056F}.Debug|Any CPU.Build.0 = Debug|Any CPU
		{9A0877FB-AB09-47D3-93CB-F6904A96056F}.Release|Any CPU.ActiveCfg = Release|Any CPU
		{9A0877FB-AB09-47D3-93CB-F6904A96056F}.Release|Any CPU.Build.0 = Release|Any CPU
		{1962CB50-C7C0-46DD-9774-4F71319731FB}.Debug|Any CPU.ActiveCfg = Debug|Any CPU
		{1962CB50-C7C0-46DD-9774-4F71319731FB}.Debug|Any CPU.Build.0 = Debug|Any CPU
		{1962CB50-C7C0-46DD-9774-4F71319731FB}.Release|Any CPU.ActiveCfg = Release|Any CPU
		{1962CB50-C7C0-46DD-9774-4F71319731FB}.Release|Any CPU.Build.0 = Release|Any CPU
	EndGlobalSection
	GlobalSection(SolutionProperties) = preSolution
		HideSolutionNode = FALSE
	EndGlobalSection
	GlobalSection(ExtensibilityGlobals) = postSolution
		SolutionGuid = {BEA9CD13-8950-4A5C-B996-9E729473F7E3}
	EndGlobalSection
EndGlobal
